
Microsoft Visual Studio Solution File, Format Version 12.00
# Visual Studio Version 17
VisualStudioVersion = 17.13.35825.156
MinimumVisualStudioVersion = 10.0.40219.1
Project("{FAE04EC0-301F-11D3-BF4B-00C04F79EFBC}") = "UserManagement.Domain", "UserManagement.Domain\UserManagement.Domain.csproj", "{CD40B211-7E23-4B64-9A6B-47D55251708E}"
EndProject
Project("{FAE04EC0-301F-11D3-BF4B-00C04F79EFBC}") = "UserManagement.Infrastructure", "UserManagement.Infrastructure\UserManagement.Infrastructure.csproj", "{A6B4AD12-3D62-45DA-B582-AFE40AF23CD4}"
EndProject
Project("{FAE04EC0-301F-11D3-BF4B-00C04F79EFBC}") = "UserManagement.Application", "UserManagement.Application\UserManagement.Application.csproj", "{4828349E-933B-4FED-8A04-4058287C1555}"
EndProject
Project("{FAE04EC0-301F-11D3-BF4B-00C04F79EFBC}") = "UserManagement.API", "UserManagement.API\UserManagement.API.csproj", "{5999D5B9-C6F7-4D2A-965D-41B61891C146}"
EndProject
Global
	GlobalSection(SolutionConfigurationPlatforms) = preSolution
		Debug|Any CPU = Debug|Any CPU
		Release|Any CPU = Release|Any CPU
	EndGlobalSection
	GlobalSection(ProjectConfigurationPlatforms) = postSolution
		{CD40B211-7E23-4B64-9A6B-47D55251708E}.Debug|Any CPU.ActiveCfg = Debug|Any CPU
		{CD40B211-7E23-4B64-9A6B-47D55251708E}.Debug|Any CPU.Build.0 = Debug|Any CPU
		{CD40B211-7E23-4B64-9A6B-47D55251708E}.Release|Any CPU.ActiveCfg = Release|Any CPU
		{CD40B211-7E23-4B64-9A6B-47D55251708E}.Release|Any CPU.Build.0 = Release|Any CPU
		{A6B4AD12-3D62-45DA-B582-AFE40AF23CD4}.Debug|Any CPU.ActiveCfg = Debug|Any CPU
		{A6B4AD12-3D62-45DA-B582-AFE40AF23CD4}.Debug|Any CPU.Build.0 = Debug|Any CPU
		{A6B4AD12-3D62-45DA-B582-AFE40AF23CD4}.Release|Any CPU.ActiveCfg = Release|Any CPU
		{A6B4AD12-3D62-45DA-B582-AFE40AF23CD4}.Release|Any CPU.Build.0 = Release|Any CPU
		{4828349E-933B-4FED-8A04-4058287C1555}.Debug|Any CPU.ActiveCfg = Debug|Any CPU
		{4828349E-933B-4FED-8A04-4058287C1555}.Debug|Any CPU.Build.0 = Debug|Any CPU
		{4828349E-933B-4FED-8A04-4058287C1555}.Release|Any CPU.ActiveCfg = Release|Any CPU
		{4828349E-933B-4FED-8A04-4058287C1555}.Release|Any CPU.Build.0 = Release|Any CPU
		{5999D5B9-C6F7-4D2A-965D-41B61891C146}.Debug|Any CPU.ActiveCfg = Debug|Any CPU
		{5999D5B9-C6F7-4D2A-965D-41B61891C146}.Debug|Any CPU.Build.0 = Debug|Any CPU
		{5999D5B9-C6F7-4D2A-965D-41B61891C146}.Release|Any CPU.ActiveCfg = Release|Any CPU
		{5999D5B9-C6F7-4D2A-965D-41B61891C146}.Release|Any CPU.Build.0 = Release|Any CPU
	EndGlobalSection
	GlobalSection(SolutionProperties) = preSolution
		HideSolutionNode = FALSE
	EndGlobalSection
	GlobalSection(ExtensibilityGlobals) = postSolution
		SolutionGuid = {6174B3CE-EEC8-498E-8E78-89A564A0F2B2}
	EndGlobalSection
EndGlobal
